{
  "version": 4,
  "terraform_version": "1.13.1",
  "serial": 1138,
  "lineage": "be4c0e96-af5c-653f-ed1f-12b7c193b381",
  "outputs": {},
  "resources": [
    {
      "mode": "managed",
      "type": "konnect_gateway_basic_auth",
      "name": "atalaku_auth",
      "provider": "provider[\"registry.terraform.io/kong/konnect\"]",
      "instances": [
        {
          "schema_version": 0,
          "attributes": {
            "consumer_id": "219f782b-26e1-4189-945b-f524674ad29a",
            "control_plane_id": "0caf752c-a73a-47fe-b0c7-e5ae03abe5cc",
            "created_at": 1758287846,
            "id": "69dd7f20-88f7-4730-99cd-7c53aeac1c52",
            "password": "oklmradio10!",
            "tags": [
              "env: uat"
            ],
            "username": "atalaku"
          },
          "sensitive_attributes": [
            [
              {
                "type": "get_attr",
                "value": "control_plane_id"
              }
            ],
            [
              {
                "type": "get_attr",
                "value": "password"
              }
            ]
          ],
          "identity_schema_version": 0,
          "dependencies": [
            "konnect_gateway_consumer.atalaku"
          ]
        }
      ]
    },
    {
      "mode": "managed",
      "type": "konnect_gateway_basic_auth",
      "name": "basicauth",
      "provider": "provider[\"registry.terraform.io/kong/konnect\"]",
      "instances": [
        {
          "schema_version": 0,
          "attributes": {
            "consumer_id": "211fa53d-35c1-40c0-98f8-535d4b4d7291",
            "control_plane_id": "0caf752c-a73a-47fe-b0c7-e5ae03abe5cc",
            "created_at": 1758287045,
            "id": "a822dd46-63d5-4753-93ab-051b91f23de4",
            "password": "Kass_10!",
            "tags": [
              "env: uat"
            ],
            "username": "Kassongo"
          },
          "sensitive_attributes": [
            [
              {
                "type": "get_attr",
                "value": "control_plane_id"
              }
            ],
            [
              {
                "type": "get_attr",
                "value": "password"
              }
            ]
          ],
          "identity_schema_version": 0,
          "dependencies": [
            "konnect_gateway_consumer.kassongo_user"
          ]
        }
      ]
    },
    {
      "mode": "managed",
      "type": "konnect_gateway_basic_auth",
      "name": "demo_user_auth",
      "provider": "provider[\"registry.terraform.io/kong/konnect\"]",
      "instances": [
        {
          "schema_version": 0,
          "attributes": {
            "consumer_id": "95be2293-9f68-41a9-a695-5ea14325ddf2",
            "control_plane_id": "0caf752c-a73a-47fe-b0c7-e5ae03abe5cc",
            "created_at": 1758880294,
            "id": "3985fc3e-894a-4a36-9b9b-cfd5aefcb1f2",
            "password": "demouser",
            "tags": null,
            "username": "demo-user"
          },
          "sensitive_attributes": [
            [
              {
                "type": "get_attr",
                "value": "control_plane_id"
              }
            ],
            [
              {
                "type": "get_attr",
                "value": "password"
              }
            ]
          ],
          "identity_schema_version": 0,
          "dependencies": [
            "konnect_gateway_consumer.demouser"
          ]
        }
      ]
    },
    {
      "mode": "managed",
      "type": "konnect_gateway_basic_auth",
      "name": "katika_auth",
      "provider": "provider[\"registry.terraform.io/kong/konnect\"]",
      "instances": [
        {
          "schema_version": 0,
          "attributes": {
            "consumer_id": "b0bac03c-b664-4475-b7a1-de4c49027d70",
            "control_plane_id": "0caf752c-a73a-47fe-b0c7-e5ae03abe5cc",
            "created_at": 1758284706,
            "id": "3ba1bef1-347a-4e13-b4d0-731a31c286c4",
            "password": "oklmradio",
            "tags": [
              "env: uat"
            ],
            "username": "katika"
          },
          "sensitive_attributes": [
            [
              {
                "type": "get_attr",
                "value": "control_plane_id"
              }
            ],
            [
              {
                "type": "get_attr",
                "value": "password"
              }
            ]
          ],
          "identity_schema_version": 0,
          "dependencies": [
            "konnect_gateway_consumer.katika"
          ]
        }
      ]
    },
    {
      "mode": "managed",
      "type": "konnect_gateway_consumer",
      "name": "atalaku",
      "provider": "provider[\"registry.terraform.io/kong/konnect\"]",
      "instances": [
        {
          "schema_version": 0,
          "attributes": {
            "control_plane_id": "0caf752c-a73a-47fe-b0c7-e5ae03abe5cc",
            "created_at": 1758287846,
            "custom_id": null,
            "id": "219f782b-26e1-4189-945b-f524674ad29a",
            "tags": [
              "env: uat"
            ],
            "updated_at": 1758287846,
            "username": "atalaku"
          },
          "sensitive_attributes": [
            [
              {
                "type": "get_attr",
                "value": "control_plane_id"
              }
            ]
          ],
          "identity_schema_version": 0
        }
      ]
    },
    {
      "mode": "managed",
      "type": "konnect_gateway_consumer",
      "name": "demouser",
      "provider": "provider[\"registry.terraform.io/kong/konnect\"]",
      "instances": [
        {
          "schema_version": 0,
          "attributes": {
            "control_plane_id": "0caf752c-a73a-47fe-b0c7-e5ae03abe5cc",
            "created_at": 1758273951,
            "custom_id": null,
            "id": "95be2293-9f68-41a9-a695-5ea14325ddf2",
            "tags": [
              "env: uat"
            ],
            "updated_at": 1758273951,
            "username": "demo-user"
          },
          "sensitive_attributes": [
            [
              {
                "type": "get_attr",
                "value": "control_plane_id"
              }
            ]
          ],
          "identity_schema_version": 0
        }
      ]
    },
    {
      "mode": "managed",
      "type": "konnect_gateway_consumer",
      "name": "kassongo_user",
      "provider": "provider[\"registry.terraform.io/kong/konnect\"]",
      "instances": [
        {
          "schema_version": 0,
          "attributes": {
            "control_plane_id": "0caf752c-a73a-47fe-b0c7-e5ae03abe5cc",
            "created_at": 1758274027,
            "custom_id": null,
            "id": "211fa53d-35c1-40c0-98f8-535d4b4d7291",
            "tags": [
              "env: uat"
            ],
            "updated_at": 1758274027,
            "username": "Kassongo"
          },
          "sensitive_attributes": [
            [
              {
                "type": "get_attr",
                "value": "control_plane_id"
              }
            ]
          ],
          "identity_schema_version": 0
        }
      ]
    },
    {
      "mode": "managed",
      "type": "konnect_gateway_consumer",
      "name": "katika",
      "provider": "provider[\"registry.terraform.io/kong/konnect\"]",
      "instances": [
        {
          "schema_version": 0,
          "attributes": {
            "control_plane_id": "0caf752c-a73a-47fe-b0c7-e5ae03abe5cc",
            "created_at": 1758273951,
            "custom_id": null,
            "id": "b0bac03c-b664-4475-b7a1-de4c49027d70",
            "tags": [
              "env: uat"
            ],
            "updated_at": 1758275023,
            "username": "katika"
          },
          "sensitive_attributes": [
            [
              {
                "type": "get_attr",
                "value": "control_plane_id"
              }
            ]
          ],
          "identity_schema_version": 0
        }
      ]
    },
    {
      "mode": "managed",
      "type": "konnect_gateway_consumer_group",
      "name": "kassongo_group",
      "provider": "provider[\"registry.terraform.io/kong/konnect\"]",
      "instances": [
        {
          "schema_version": 0,
          "attributes": {
            "control_plane_id": "0caf752c-a73a-47fe-b0c7-e5ae03abe5cc",
            "created_at": 1757950482,
            "id": "2f616c8f-5a2a-4956-8b70-731f25558bfb",
            "name": "kassongo_group",
            "tags": [
              "env: uat"
            ],
            "updated_at": 1757950482
          },
          "sensitive_attributes": [
            [
              {
                "type": "get_attr",
                "value": "control_plane_id"
              }
            ]
          ],
          "identity_schema_version": 0
        }
      ]
    },
    {
      "mode": "managed",
      "type": "konnect_gateway_consumer_group",
      "name": "paiya_group",
      "provider": "provider[\"registry.terraform.io/kong/konnect\"]",
      "instances": [
        {
          "schema_version": 0,
          "attributes": {
            "control_plane_id": "0caf752c-a73a-47fe-b0c7-e5ae03abe5cc",
            "created_at": 1758287846,
            "id": "78b3b67e-75c4-4664-906b-932bae0a603a",
            "name": "paiya_group",
            "tags": [
              "env: uat"
            ],
            "updated_at": 1758287846
          },
          "sensitive_attributes": [
            [
              {
                "type": "get_attr",
                "value": "control_plane_id"
              }
            ]
          ],
          "identity_schema_version": 0
        }
      ]
    },
    {
      "mode": "managed",
      "type": "konnect_gateway_consumer_group_member",
      "name": "atalaku_group_member",
      "provider": "provider[\"registry.terraform.io/kong/konnect\"]",
      "instances": [
        {
          "schema_version": 0,
          "attributes": {
            "consumer_group_id": "78b3b67e-75c4-4664-906b-932bae0a603a",
            "consumer_id": "219f782b-26e1-4189-945b-f524674ad29a",
            "control_plane_id": "0caf752c-a73a-47fe-b0c7-e5ae03abe5cc"
          },
          "sensitive_attributes": [
            [
              {
                "type": "get_attr",
                "value": "consumer_id"
              }
            ],
            [
              {
                "type": "get_attr",
                "value": "control_plane_id"
              }
            ]
          ],
          "identity_schema_version": 0,
          "dependencies": [
            "konnect_gateway_consumer_group.paiya_group"
          ]
        }
      ]
    },
    {
      "mode": "managed",
      "type": "konnect_gateway_consumer_group_member",
      "name": "demo_user_group_member",
      "provider": "provider[\"registry.terraform.io/kong/konnect\"]",
      "instances": [
        {
          "schema_version": 0,
          "attributes": {
            "consumer_group_id": "2f616c8f-5a2a-4956-8b70-731f25558bfb",
            "consumer_id": "95be2293-9f68-41a9-a695-5ea14325ddf2",
            "control_plane_id": "0caf752c-a73a-47fe-b0c7-e5ae03abe5cc"
          },
          "sensitive_attributes": [
            [
              {
                "type": "get_attr",
                "value": "consumer_id"
              }
            ],
            [
              {
                "type": "get_attr",
                "value": "control_plane_id"
              }
            ]
          ],
          "identity_schema_version": 0,
          "dependencies": [
            "konnect_gateway_consumer_group.kassongo_group"
          ]
        }
      ]
    },
    {
      "mode": "managed",
      "type": "konnect_gateway_consumer_group_member",
      "name": "kassongo_group_member",
      "provider": "provider[\"registry.terraform.io/kong/konnect\"]",
      "instances": [
        {
          "schema_version": 0,
          "attributes": {
            "consumer_group_id": "2f616c8f-5a2a-4956-8b70-731f25558bfb",
            "consumer_id": "211fa53d-35c1-40c0-98f8-535d4b4d7291",
            "control_plane_id": "0caf752c-a73a-47fe-b0c7-e5ae03abe5cc"
          },
          "sensitive_attributes": [
            [
              {
                "type": "get_attr",
                "value": "consumer_id"
              }
            ],
            [
              {
                "type": "get_attr",
                "value": "control_plane_id"
              }
            ]
          ],
          "identity_schema_version": 0,
          "dependencies": [
            "konnect_gateway_consumer_group.kassongo_group"
          ]
        }
      ]
    },
    {
      "mode": "managed",
      "type": "konnect_gateway_consumer_group_member",
      "name": "katika_group_member",
      "provider": "provider[\"registry.terraform.io/kong/konnect\"]",
      "instances": [
        {
          "schema_version": 0,
          "attributes": {
            "consumer_group_id": "78b3b67e-75c4-4664-906b-932bae0a603a",
            "consumer_id": "b0bac03c-b664-4475-b7a1-de4c49027d70",
            "control_plane_id": "0caf752c-a73a-47fe-b0c7-e5ae03abe5cc"
          },
          "sensitive_attributes": [
            [
              {
                "type": "get_attr",
                "value": "consumer_id"
              }
            ],
            [
              {
                "type": "get_attr",
                "value": "control_plane_id"
              }
            ]
          ],
          "identity_schema_version": 0,
          "dependencies": [
            "konnect_gateway_consumer_group.paiya_group"
          ]
        }
      ]
    },
    {
      "mode": "managed",
      "type": "konnect_gateway_plugin_acl",
      "name": "kassongo_acl",
      "provider": "provider[\"registry.terraform.io/kong/konnect\"]",
      "instances": [
        {
          "schema_version": 0,
          "attributes": {
            "config": {
              "allow": [],
              "always_use_authenticated_groups": false,
              "deny": [
                "paiya_group"
              ],
              "hide_groups_header": false,
              "include_consumer_groups": false
            },
            "control_plane_id": "0caf752c-a73a-47fe-b0c7-e5ae03abe5cc",
            "created_at": 1758277629,
            "enabled": true,
            "id": "81274a9d-a478-4d01-b813-43dc7157a63d",
            "instance_name": null,
            "ordering": null,
            "partials": null,
            "protocols": [
              "grpc",
              "grpcs",
              "http",
              "https"
            ],
            "route": null,
            "service": {
              "id": "d1c2d6a0-8eb8-4cf8-97d1-81c9d28c1ff9"
            },
            "tags": [
              "env: uat"
            ],
            "updated_at": 1759752451
          },
          "sensitive_attributes": [
            [
              {
                "type": "get_attr",
                "value": "control_plane_id"
              }
            ]
          ],
          "identity_schema_version": 0,
          "dependencies": [
            "konnect_gateway_service.Kassongo_service"
          ]
        }
      ]
    },
    {
      "mode": "managed",
      "type": "konnect_gateway_plugin_acl",
      "name": "paiya_acl",
      "provider": "provider[\"registry.terraform.io/kong/konnect\"]",
      "instances": [
        {
          "schema_version": 0,
          "attributes": {
            "config": {
              "allow": [],
              "always_use_authenticated_groups": false,
              "deny": [
                "kassongo_group"
              ],
              "hide_groups_header": false,
              "include_consumer_groups": false
            },
            "control_plane_id": "0caf752c-a73a-47fe-b0c7-e5ae03abe5cc",
            "created_at": 1758283788,
            "enabled": true,
            "id": "1cec8189-4e39-47b0-ad6a-a326cfcb2212",
            "instance_name": null,
            "ordering": null,
            "partials": null,
            "protocols": [
              "grpc",
              "grpcs",
              "http",
              "https"
            ],
            "route": null,
            "service": {
              "id": "c61de38a-d659-4fda-a42e-23554437f0b7"
            },
            "tags": [
              "env: uat"
            ],
            "updated_at": 1758550818
          },
          "sensitive_attributes": [
            [
              {
                "type": "get_attr",
                "value": "control_plane_id"
              }
            ]
          ],
          "identity_schema_version": 0,
          "dependencies": [
            "konnect_gateway_service.httpbun"
          ]
        }
      ]
    },
    {
      "mode": "managed",
      "type": "konnect_gateway_plugin_basic_auth",
      "name": "basicauth",
      "provider": "provider[\"registry.terraform.io/kong/konnect\"]",
      "instances": [
        {
          "schema_version": 0,
          "attributes": {
            "config": null,
            "control_plane_id": "0caf752c-a73a-47fe-b0c7-e5ae03abe5cc",
            "created_at": 6,
            "enabled": true,
            "id": "5b8c9c1c-9797-43f0-91b6-64e140c2419b",
            "instance_name": "httpbun_basic_auth",
            "ordering": null,
            "partials": null,
            "protocols": [
              "http",
              "https"
            ],
            "route": null,
            "service": {
              "id": "c61de38a-d659-4fda-a42e-23554437f0b7"
            },
            "tags": [
              "env: uat"
            ],
            "updated_at": 1759752451
          },
          "sensitive_attributes": [
            [
              {
                "type": "get_attr",
                "value": "control_plane_id"
              }
            ]
          ],
          "identity_schema_version": 0,
          "dependencies": [
            "konnect_gateway_service.httpbun"
          ]
        }
      ]
    },
    {
      "mode": "managed",
      "type": "konnect_gateway_plugin_basic_auth",
      "name": "kassongo_basic_auth",
      "provider": "provider[\"registry.terraform.io/kong/konnect\"]",
      "instances": [
        {
          "schema_version": 0,
          "attributes": {
            "config": null,
            "control_plane_id": "0caf752c-a73a-47fe-b0c7-e5ae03abe5cc",
            "created_at": 6,
            "enabled": true,
            "id": "fdae6a70-cfac-4626-bff5-d7274cb2360a",
            "instance_name": "kassongo_basic_auth",
            "ordering": null,
            "partials": null,
            "protocols": [
              "http",
              "https"
            ],
            "route": null,
            "service": {
              "id": "d1c2d6a0-8eb8-4cf8-97d1-81c9d28c1ff9"
            },
            "tags": [
              "env: uat"
            ],
            "updated_at": 1759752451
          },
          "sensitive_attributes": [
            [
              {
                "type": "get_attr",
                "value": "control_plane_id"
              }
            ]
          ],
          "identity_schema_version": 0,
          "dependencies": [
            "konnect_gateway_service.Kassongo_service"
          ]
        }
      ]
    },
    {
      "mode": "managed",
      "type": "konnect_gateway_plugin_key_auth",
      "name": "gateway_plugin_keyauth",
      "provider": "provider[\"registry.terraform.io/kong/konnect\"]",
      "instances": [
        {
          "schema_version": 0,
          "attributes": {
            "config": {
              "anonymous": null,
              "hide_credentials": false,
              "identity_realms": [],
              "key_in_body": false,
              "key_in_header": true,
              "key_in_query": false,
              "key_names": [
                "apikey"
              ],
              "realm": null,
              "run_on_preflight": false
            },
            "control_plane_id": "0caf752c-a73a-47fe-b0c7-e5ae03abe5cc",
            "created_at": 1757583201,
            "enabled": false,
            "id": "389bf5b7-7802-4d9d-8f22-dffc52110466",
            "instance_name": "key-auth",
            "ordering": null,
            "partials": null,
            "protocols": [
              "https"
            ],
            "route": null,
            "service": {
              "id": "d1c2d6a0-8eb8-4cf8-97d1-81c9d28c1ff9"
            },
            "tags": [
              "env: uat"
            ],
            "updated_at": 1759741382
          },
          "sensitive_attributes": [
            [
              {
                "type": "get_attr",
                "value": "control_plane_id"
              }
            ]
          ],
          "identity_schema_version": 0,
          "dependencies": [
            "konnect_gateway_service.Kassongo_service"
          ]
        }
      ]
    },
    {
      "mode": "managed",
      "type": "konnect_gateway_plugin_openid_connect",
      "name": "openid_connect",
      "provider": "provider[\"registry.terraform.io/kong/konnect\"]",
      "instances": [
        {
          "schema_version": 0,
          "attributes": {
            "config": {
              "anonymous": null,
              "audience": null,
              "audience_claim": [
                "aud"
              ],
              "audience_required": null,
              "auth_methods": [
                "password",
                "client_credentials",
                "authorization_code",
                "bearer",
                "introspection",
                "userinfo",
                "kong_oauth2",
                "refresh_token",
                "session"
              ],
              "authenticated_groups_claim": null,
              "authorization_cookie_domain": null,
              "authorization_cookie_http_only": true,
              "authorization_cookie_name": "authorization",
              "authorization_cookie_path": "/",
              "authorization_cookie_same_site": "Default",
              "authorization_cookie_secure": null,
              "authorization_endpoint": null,
              "authorization_query_args_client": null,
              "authorization_query_args_names": null,
              "authorization_query_args_values": null,
              "authorization_rolling_timeout": 600,
              "bearer_token_cookie_name": null,
              "bearer_token_param_type": [
                "header",
                "query",
                "body"
              ],
              "by_username_ignore_case": false,
              "cache_introspection": true,
              "cache_token_exchange": true,
              "cache_tokens": true,
              "cache_tokens_salt": "c1kSJFe4A6WwTvTZjf06LYh2x62Msamh",
              "cache_ttl": 3600,
              "cache_ttl_max": null,
              "cache_ttl_min": null,
              "cache_ttl_neg": null,
              "cache_ttl_resurrect": null,
              "cache_user_info": true,
              "claims_forbidden": null,
              "client_alg": null,
              "client_arg": "client_id",
              "client_auth": null,
              "client_credentials_param_type": [
                "header",
                "query",
                "body"
              ],
              "client_id": [
                "Y6jVpc7cgsZgRxiewWh883GK41qQVkTM"
              ],
              "client_jwk": null,
              "client_secret": [
                "o64Wso918PaixJPu4KlZY2E0R1CXz9B_P9N19eIlpHYdjmpCADtDVH6QZb_cm4Dc"
              ],
              "cluster_cache_redis": {
                "cluster_max_redirections": 5,
                "cluster_nodes": null,
                "connect_timeout": 2000,
                "connection_is_proxied": false,
                "database": 0,
                "host": "127.0.0.1",
                "keepalive_backlog": null,
                "keepalive_pool_size": 256,
                "password": null,
                "port": 6379,
                "read_timeout": 2000,
                "send_timeout": 2000,
                "sentinel_master": null,
                "sentinel_nodes": null,
                "sentinel_password": null,
                "sentinel_role": null,
                "sentinel_username": null,
                "server_name": null,
                "ssl": false,
                "ssl_verify": false,
                "username": null
              },
              "cluster_cache_strategy": "off",
              "consumer_by": [
                "username",
                "custom_id"
              ],
              "consumer_claim": null,
              "consumer_optional": false,
              "credential_claim": [
                "sub"
              ],
              "disable_session": null,
              "discovery_headers_names": null,
              "discovery_headers_values": null,
              "display_errors": false,
              "domains": null,
              "downstream_access_token_header": null,
              "downstream_access_token_jwk_header": null,
              "downstream_headers_claims": null,
              "downstream_headers_names": null,
              "downstream_id_token_header": null,
              "downstream_id_token_jwk_header": null,
              "downstream_introspection_header": null,
              "downstream_introspection_jwt_header": null,
              "downstream_refresh_token_header": null,
              "downstream_session_id_header": null,
              "downstream_user_info_header": null,
              "downstream_user_info_jwt_header": null,
              "dpop_proof_lifetime": 300,
              "dpop_use_nonce": false,
              "enable_hs_signatures": false,
              "end_session_endpoint": null,
              "expose_error_code": true,
              "extra_jwks_uris": null,
              "forbidden_destroy_session": true,
              "forbidden_error_message": "Forbidden",
              "forbidden_redirect_uri": null,
              "groups_claim": [
                "groups"
              ],
              "groups_required": null,
              "hide_credentials": false,
              "http_proxy": null,
              "http_proxy_authorization": null,
              "http_version": 1.1,
              "https_proxy": null,
              "https_proxy_authorization": null,
              "id_token_param_name": null,
              "id_token_param_type": [
                "header",
                "query",
                "body"
              ],
              "ignore_signature": [],
              "introspect_jwt_tokens": false,
              "introspection_accept": "application/json",
              "introspection_check_active": true,
              "introspection_endpoint": null,
              "introspection_endpoint_auth_method": null,
              "introspection_headers_client": null,
              "introspection_headers_names": null,
              "introspection_headers_values": null,
              "introspection_hint": "access_token",
              "introspection_post_args_client": null,
              "introspection_post_args_client_headers": null,
              "introspection_post_args_names": null,
              "introspection_post_args_values": null,
              "introspection_token_param_name": "token",
              "issuer": "https://dev-gvw3jddwokytwnj7.us.auth0.com",
              "issuers_allowed": null,
              "jwt_session_claim": "sid",
              "jwt_session_cookie": null,
              "keepalive": true,
              "leeway": 0,
              "login_action": "upstream",
              "login_methods": [
                "authorization_code"
              ],
              "login_redirect_mode": "fragment",
              "login_redirect_uri": null,
              "login_tokens": [
                "id_token"
              ],
              "logout_methods": [
                "POST",
                "DELETE"
              ],
              "logout_post_arg": null,
              "logout_query_arg": null,
              "logout_redirect_uri": null,
              "logout_revoke": false,
              "logout_revoke_access_token": true,
              "logout_revoke_refresh_token": true,
              "logout_uri_suffix": null,
              "max_age": null,
              "mtls_introspection_endpoint": null,
              "mtls_revocation_endpoint": null,
              "mtls_token_endpoint": null,
              "no_proxy": null,
              "password_param_type": [
                "header",
                "query",
                "body"
              ],
              "preserve_query_args": false,
              "proof_of_possession_auth_methods_validation": true,
              "proof_of_possession_dpop": "off",
              "proof_of_possession_mtls": "off",
              "pushed_authorization_request_endpoint": null,
              "pushed_authorization_request_endpoint_auth_method": null,
              "redirect_uri": [
                "https://kong-4959cb460beu2yuvj.kongcloud.dev/oidc/callback"
              ],
              "redis": {
                "cluster_max_redirections": 5,
                "cluster_nodes": null,
                "connect_timeout": 2000,
                "connection_is_proxied": false,
                "database": 0,
                "host": "127.0.0.1",
                "keepalive_backlog": null,
                "keepalive_pool_size": 256,
                "password": null,
                "port": 6379,
                "prefix": null,
                "read_timeout": 2000,
                "send_timeout": 2000,
                "sentinel_master": null,
                "sentinel_nodes": null,
                "sentinel_password": null,
                "sentinel_role": null,
                "sentinel_username": null,
                "server_name": null,
                "socket": null,
                "ssl": false,
                "ssl_verify": false,
                "username": null
              },
              "rediscovery_lifetime": 30,
              "refresh_token_param_name": null,
              "refresh_token_param_type": [
                "header",
                "query",
                "body"
              ],
              "refresh_tokens": true,
              "require_proof_key_for_code_exchange": null,
              "require_pushed_authorization_requests": null,
              "require_signed_request_object": null,
              "resolve_distributed_claims": false,
              "response_mode": "query",
              "response_type": [
                "code"
              ],
              "reverify": false,
              "revocation_endpoint": null,
              "revocation_endpoint_auth_method": null,
              "revocation_token_param_name": "token",
              "roles_claim": [
                "roles"
              ],
              "roles_required": null,
              "run_on_preflight": true,
              "scopes": [
                "openid"
              ],
              "scopes_claim": [
                "scope"
              ],
              "scopes_required": [
                "kassongo:read",
                "kassongo:write"
              ],
              "search_user_info": false,
              "session_absolute_timeout": 86400,
              "session_audience": "default",
              "session_cookie_domain": null,
              "session_cookie_http_only": true,
              "session_cookie_name": "session",
              "session_cookie_path": "/",
              "session_cookie_same_site": "Lax",
              "session_cookie_secure": null,
              "session_enforce_same_subject": false,
              "session_hash_storage_key": false,
              "session_hash_subject": false,
              "session_idling_timeout": 900,
              "session_memcached_host": "127.0.0.1",
              "session_memcached_port": 11211,
              "session_memcached_prefix": null,
              "session_memcached_socket": null,
              "session_remember": false,
              "session_remember_absolute_timeout": 2592000,
              "session_remember_cookie_name": "remember",
              "session_remember_rolling_timeout": 604800,
              "session_request_headers": null,
              "session_response_headers": null,
              "session_rolling_timeout": 3600,
              "session_secret": null,
              "session_storage": "cookie",
              "session_store_metadata": false,
              "ssl_verify": false,
              "timeout": 10000,
              "tls_client_auth_cert_id": null,
              "tls_client_auth_ssl_verify": true,
              "token_cache_key_include_scope": false,
              "token_endpoint": null,
              "token_endpoint_auth_method": null,
              "token_exchange_endpoint": null,
              "token_headers_client": null,
              "token_headers_grants": null,
              "token_headers_names": null,
              "token_headers_prefix": null,
              "token_headers_replay": null,
              "token_headers_values": null,
              "token_post_args_client": null,
              "token_post_args_names": null,
              "token_post_args_values": null,
              "unauthorized_destroy_session": true,
              "unauthorized_error_message": "Unauthorized",
              "unauthorized_redirect_uri": null,
              "unexpected_redirect_uri": null,
              "upstream_access_token_header": "authorization:bearer",
              "upstream_access_token_jwk_header": null,
              "upstream_headers_claims": null,
              "upstream_headers_names": null,
              "upstream_id_token_header": null,
              "upstream_id_token_jwk_header": null,
              "upstream_introspection_header": null,
              "upstream_introspection_jwt_header": null,
              "upstream_refresh_token_header": null,
              "upstream_session_id_header": null,
              "upstream_user_info_header": null,
              "upstream_user_info_jwt_header": null,
              "userinfo_accept": "application/json",
              "userinfo_endpoint": null,
              "userinfo_headers_client": null,
              "userinfo_headers_names": null,
              "userinfo_headers_values": null,
              "userinfo_query_args_client": null,
              "userinfo_query_args_names": null,
              "userinfo_query_args_values": null,
              "using_pseudo_issuer": false,
              "verify_claims": true,
              "verify_nonce": true,
              "verify_parameters": false,
              "verify_signature": true
            },
            "control_plane_id": "0caf752c-a73a-47fe-b0c7-e5ae03abe5cc",
            "created_at": 1759741130,
            "enabled": true,
            "id": "298729c3-d95d-4d64-a836-48b389659977",
            "instance_name": null,
            "ordering": null,
            "partials": null,
            "protocols": [
              "grpc",
              "grpcs",
              "http",
              "https"
            ],
            "route": null,
            "service": {
              "id": "d1c2d6a0-8eb8-4cf8-97d1-81c9d28c1ff9"
            },
            "tags": null,
            "updated_at": 1759747850
          },
          "sensitive_attributes": [
            [
              {
                "type": "get_attr",
                "value": "config"
              },
              {
                "type": "get_attr",
                "value": "cache_tokens_salt"
              }
            ],
            [
              {
                "type": "get_attr",
                "value": "config"
              },
              {
                "type": "get_attr",
                "value": "client_id"
              },
              {
                "type": "index",
                "value": {
                  "value": 0,
                  "type": "number"
                }
              }
            ],
            [
              {
                "type": "get_attr",
                "value": "config"
              },
              {
                "type": "get_attr",
                "value": "client_secret"
              },
              {
                "type": "index",
                "value": {
                  "value": 0,
                  "type": "number"
                }
              }
            ],
            [
              {
                "type": "get_attr",
                "value": "config"
              },
              {
                "type": "get_attr",
                "value": "issuer"
              }
            ],
            [
              {
                "type": "get_attr",
                "value": "control_plane_id"
              }
            ]
          ],
          "identity_schema_version": 0,
          "dependencies": [
            "konnect_gateway_service.Kassongo_service"
          ]
        }
      ]
    },
    {
      "mode": "managed",
      "type": "konnect_gateway_plugin_proxy_cache_advanced",
      "name": "proxy_cache_advanced",
      "provider": "provider[\"registry.terraform.io/kong/konnect\"]",
      "instances": [
        {
          "schema_version": 0,
          "attributes": {
            "config": {
              "bypass_on_err": false,
              "cache_control": false,
              "cache_ttl": 300,
              "content_type": [
                "text/plain",
                "application/json"
              ],
              "ignore_uri_case": false,
              "memory": {
                "dictionary_name": "kong_db_cache"
              },
              "redis": {
                "cluster_max_redirections": 5,
                "cluster_nodes": null,
                "connect_timeout": 2000,
                "connection_is_proxied": false,
                "database": 0,
                "host": "httpbin.org",
                "keepalive_backlog": null,
                "keepalive_pool_size": 256,
                "password": null,
                "port": 6379,
                "read_timeout": 2000,
                "send_timeout": 2000,
                "sentinel_master": null,
                "sentinel_nodes": null,
                "sentinel_password": null,
                "sentinel_role": null,
                "sentinel_username": null,
                "server_name": null,
                "ssl": false,
                "ssl_verify": false,
                "username": null
              },
              "request_method": [
                "GET",
                "HEAD"
              ],
              "response_code": [
                200,
                404
              ],
              "response_headers": {
                "age": true,
                "x_cache_key": true,
                "x_cache_status": true
              },
              "storage_ttl": null,
              "strategy": "memory",
              "vary_headers": null,
              "vary_query_params": null
            },
            "consumer": null,
            "consumer_group": null,
            "control_plane_id": "0caf752c-a73a-47fe-b0c7-e5ae03abe5cc",
            "created_at": 1758533724,
            "enabled": true,
            "id": "1dd7d8a2-94fe-416a-a77e-78329734eaf9",
            "instance_name": null,
            "ordering": null,
            "partials": null,
            "protocols": [
              "grpc",
              "grpcs",
              "http",
              "https"
            ],
            "route": null,
            "service": {
              "id": "d1c2d6a0-8eb8-4cf8-97d1-81c9d28c1ff9"
            },
            "tags": [
              "env: uat"
            ],
            "updated_at": 1758534692
          },
          "sensitive_attributes": [
            [
              {
                "type": "get_attr",
                "value": "control_plane_id"
              }
            ]
          ],
          "identity_schema_version": 0,
          "dependencies": [
            "konnect_gateway_service.Kassongo_service"
          ]
        }
      ]
    },
    {
      "mode": "managed",
      "type": "konnect_gateway_plugin_rate_limiting_advanced",
      "name": "gateway_plugin_rate_limiting_advanced",
      "provider": "provider[\"registry.terraform.io/kong/konnect\"]",
      "instances": [
        {
          "schema_version": 0,
          "attributes": {
            "config": {
              "compound_identifier": null,
              "consumer_groups": null,
              "dictionary_name": "kong_rate_limiting_counters",
              "disable_penalty": false,
              "enforce_consumer_groups": false,
              "error_code": 429,
              "error_message": "you reached your requests limit",
              "header_name": null,
              "hide_client_headers": false,
              "identifier": "ip",
              "limit": [
                100
              ],
              "lock_dictionary_name": "kong_locks",
              "namespace": null,
              "path": null,
              "redis": {
                "cluster_max_redirections": 5,
                "cluster_nodes": null,
                "connect_timeout": 2000,
                "connection_is_proxied": false,
                "database": 0,
                "host": "127.0.0.1",
                "keepalive_backlog": null,
                "keepalive_pool_size": 256,
                "password": null,
                "port": 6379,
                "read_timeout": 2000,
                "redis_proxy_type": null,
                "send_timeout": 2000,
                "sentinel_master": null,
                "sentinel_nodes": null,
                "sentinel_password": null,
                "sentinel_role": null,
                "sentinel_username": null,
                "server_name": null,
                "ssl": false,
                "ssl_verify": false,
                "username": null
              },
              "retry_after_jitter_max": 0,
              "strategy": "local",
              "sync_rate": null,
              "window_size": [
                3600
              ],
              "window_type": "sliding"
            },
            "consumer": null,
            "consumer_group": null,
            "control_plane_id": "0caf752c-a73a-47fe-b0c7-e5ae03abe5cc",
            "created_at": 1758011187,
            "enabled": true,
            "id": "1dc4a980-f673-4233-a765-50b29e00c4e8",
            "instance_name": "rate_limiting_advanced",
            "ordering": null,
            "partials": null,
            "protocols": [
              "http",
              "https"
            ],
            "route": null,
            "service": {
              "id": "d1c2d6a0-8eb8-4cf8-97d1-81c9d28c1ff9"
            },
            "tags": [
              "env: uat"
            ],
            "updated_at": 1759752451
          },
          "sensitive_attributes": [
            [
              {
                "type": "get_attr",
                "value": "control_plane_id"
              }
            ]
          ],
          "identity_schema_version": 0,
          "dependencies": [
            "konnect_gateway_service.Kassongo_service"
          ]
        }
      ]
    },
    {
      "mode": "managed",
      "type": "konnect_gateway_plugin_rate_limiting_advanced",
      "name": "gateway_plugin_rate_limiting_advanced_httpbun",
      "provider": "provider[\"registry.terraform.io/kong/konnect\"]",
      "instances": [
        {
          "schema_version": 0,
          "attributes": {
            "config": {
              "compound_identifier": null,
              "consumer_groups": null,
              "dictionary_name": "kong_rate_limiting_counters",
              "disable_penalty": false,
              "enforce_consumer_groups": false,
              "error_code": 429,
              "error_message": "you reached your requests limit",
              "header_name": null,
              "hide_client_headers": false,
              "identifier": "ip",
              "limit": [
                100
              ],
              "lock_dictionary_name": "kong_locks",
              "namespace": null,
              "path": null,
              "redis": {
                "cluster_max_redirections": 5,
                "cluster_nodes": null,
                "connect_timeout": 2000,
                "connection_is_proxied": false,
                "database": 0,
                "host": "127.0.0.1",
                "keepalive_backlog": null,
                "keepalive_pool_size": 256,
                "password": null,
                "port": 6379,
                "read_timeout": 2000,
                "redis_proxy_type": null,
                "send_timeout": 2000,
                "sentinel_master": null,
                "sentinel_nodes": null,
                "sentinel_password": null,
                "sentinel_role": null,
                "sentinel_username": null,
                "server_name": null,
                "ssl": false,
                "ssl_verify": false,
                "username": null
              },
              "retry_after_jitter_max": 0,
              "strategy": "local",
              "sync_rate": null,
              "window_size": [
                3600
              ],
              "window_type": "sliding"
            },
            "consumer": null,
            "consumer_group": null,
            "control_plane_id": "0caf752c-a73a-47fe-b0c7-e5ae03abe5cc",
            "created_at": 1758290086,
            "enabled": true,
            "id": "60c0c550-ccd9-4274-af34-66e96af11e21",
            "instance_name": "rate_limiting_advanced_httpbun",
            "ordering": null,
            "partials": null,
            "protocols": [
              "http",
              "https"
            ],
            "route": null,
            "service": {
              "id": "c61de38a-d659-4fda-a42e-23554437f0b7"
            },
            "tags": [
              "env: uat"
            ],
            "updated_at": 1759752451
          },
          "sensitive_attributes": [
            [
              {
                "type": "get_attr",
                "value": "control_plane_id"
              }
            ]
          ],
          "identity_schema_version": 0,
          "dependencies": [
            "konnect_gateway_service.httpbun"
          ]
        }
      ]
    },
    {
      "mode": "managed",
      "type": "konnect_gateway_route",
      "name": "Kassongo_route_anything",
      "provider": "provider[\"registry.terraform.io/kong/konnect\"]",
      "instances": [
        {
          "schema_version": 0,
          "attributes": {
            "control_plane_id": "0caf752c-a73a-47fe-b0c7-e5ae03abe5cc",
            "created_at": 1758550512,
            "destinations": null,
            "headers": null,
            "hosts": [
              "example.com"
            ],
            "https_redirect_status_code": 307,
            "id": "9fe9bce6-bf7c-4322-ae92-0a95672597b7",
            "methods": [
              "GET"
            ],
            "name": "kassongo_route",
            "path_handling": "v0",
            "paths": [
              "/anything"
            ],
            "preserve_host": false,
            "protocols": [
              "http",
              "https"
            ],
            "regex_priority": 9,
            "request_buffering": true,
            "response_buffering": true,
            "service": {
              "id": "d1c2d6a0-8eb8-4cf8-97d1-81c9d28c1ff9"
            },
            "snis": null,
            "sources": null,
            "strip_path": true,
            "tags": [
              "env: uat"
            ],
            "updated_at": 1758550512
          },
          "sensitive_attributes": [
            [
              {
                "type": "get_attr",
                "value": "control_plane_id"
              }
            ],
            [
              {
                "type": "get_attr",
                "value": "service"
              },
              {
                "type": "get_attr",
                "value": "id"
              }
            ]
          ],
          "identity_schema_version": 0
        }
      ]
    },
    {
      "mode": "managed",
      "type": "konnect_gateway_route",
      "name": "Kassongo_route_bearer",
      "provider": "provider[\"registry.terraform.io/kong/konnect\"]",
      "instances": [
        {
          "schema_version": 0,
          "attributes": {
            "control_plane_id": "0caf752c-a73a-47fe-b0c7-e5ae03abe5cc",
            "created_at": 1757678591,
            "destinations": null,
            "headers": null,
            "hosts": [
              "example.com"
            ],
            "https_redirect_status_code": 307,
            "id": "2af97e4c-8006-4ce2-ab03-666b4a420e5f",
            "methods": [
              "GET"
            ],
            "name": "kassongo_bearer",
            "path_handling": "v0",
            "paths": [
              "/bearer"
            ],
            "preserve_host": false,
            "protocols": [
              "http",
              "https"
            ],
            "regex_priority": 9,
            "request_buffering": true,
            "response_buffering": true,
            "service": {
              "id": "d1c2d6a0-8eb8-4cf8-97d1-81c9d28c1ff9"
            },
            "snis": null,
            "sources": null,
            "strip_path": true,
            "tags": [
              "env: uat"
            ],
            "updated_at": 1758550632
          },
          "sensitive_attributes": [
            [
              {
                "type": "get_attr",
                "value": "control_plane_id"
              }
            ],
            [
              {
                "type": "get_attr",
                "value": "service"
              },
              {
                "type": "get_attr",
                "value": "id"
              }
            ]
          ],
          "identity_schema_version": 0
        }
      ]
    },
    {
      "mode": "managed",
      "type": "konnect_gateway_route",
      "name": "mix",
      "provider": "provider[\"registry.terraform.io/kong/konnect\"]",
      "instances": [
        {
          "schema_version": 0,
          "attributes": {
            "control_plane_id": "0caf752c-a73a-47fe-b0c7-e5ae03abe5cc",
            "created_at": 1757927676,
            "destinations": null,
            "headers": null,
            "hosts": [
              "kong.com"
            ],
            "https_redirect_status_code": 307,
            "id": "80a97360-175b-4fec-8fcf-c23897c9547a",
            "methods": [
              "GET"
            ],
            "name": "mix",
            "path_handling": "v0",
            "paths": [
              "/mix"
            ],
            "preserve_host": false,
            "protocols": [
              "http",
              "https"
            ],
            "regex_priority": 9,
            "request_buffering": true,
            "response_buffering": true,
            "service": {
              "id": "c61de38a-d659-4fda-a42e-23554437f0b7"
            },
            "snis": null,
            "sources": null,
            "strip_path": true,
            "tags": [
              "env: uat"
            ],
            "updated_at": 1757932222
          },
          "sensitive_attributes": [
            [
              {
                "type": "get_attr",
                "value": "control_plane_id"
              }
            ],
            [
              {
                "type": "get_attr",
                "value": "service"
              },
              {
                "type": "get_attr",
                "value": "id"
              }
            ]
          ],
          "identity_schema_version": 0
        }
      ]
    },
    {
      "mode": "managed",
      "type": "konnect_gateway_route",
      "name": "payload",
      "provider": "provider[\"registry.terraform.io/kong/konnect\"]",
      "instances": [
        {
          "schema_version": 0,
          "attributes": {
            "control_plane_id": "0caf752c-a73a-47fe-b0c7-e5ae03abe5cc",
            "created_at": 1757928893,
            "destinations": null,
            "headers": null,
            "hosts": [
              "kong.com"
            ],
            "https_redirect_status_code": 307,
            "id": "3a5007f0-8a5e-49d1-b314-cda7d8b8d7e9",
            "methods": [
              "GET"
            ],
            "name": "payload",
            "path_handling": "v0",
            "paths": [
              "/payload"
            ],
            "preserve_host": false,
            "protocols": [
              "http",
              "https"
            ],
            "regex_priority": 9,
            "request_buffering": true,
            "response_buffering": true,
            "service": {
              "id": "c61de38a-d659-4fda-a42e-23554437f0b7"
            },
            "snis": null,
            "sources": null,
            "strip_path": true,
            "tags": [
              "env: uat"
            ],
            "updated_at": 1757931982
          },
          "sensitive_attributes": [
            [
              {
                "type": "get_attr",
                "value": "control_plane_id"
              }
            ],
            [
              {
                "type": "get_attr",
                "value": "service"
              },
              {
                "type": "get_attr",
                "value": "id"
              }
            ]
          ],
          "identity_schema_version": 0
        }
      ]
    },
    {
      "mode": "managed",
      "type": "konnect_gateway_route",
      "name": "run",
      "provider": "provider[\"registry.terraform.io/kong/konnect\"]",
      "instances": [
        {
          "schema_version": 0,
          "attributes": {
            "control_plane_id": "0caf752c-a73a-47fe-b0c7-e5ae03abe5cc",
            "created_at": 1757928678,
            "destinations": null,
            "headers": null,
            "hosts": [
              "kong.com"
            ],
            "https_redirect_status_code": 307,
            "id": "79d4419b-1cff-4b68-bdb9-770c4fc04c80",
            "methods": [
              "GET"
            ],
            "name": "run",
            "path_handling": "v0",
            "paths": [
              "/run"
            ],
            "preserve_host": false,
            "protocols": [
              "http",
              "https"
            ],
            "regex_priority": 9,
            "request_buffering": true,
            "response_buffering": true,
            "service": {
              "id": "c61de38a-d659-4fda-a42e-23554437f0b7"
            },
            "snis": null,
            "sources": null,
            "strip_path": true,
            "tags": [
              "env: uat"
            ],
            "updated_at": 1757931982
          },
          "sensitive_attributes": [
            [
              {
                "type": "get_attr",
                "value": "control_plane_id"
              }
            ],
            [
              {
                "type": "get_attr",
                "value": "service"
              },
              {
                "type": "get_attr",
                "value": "id"
              }
            ]
          ],
          "identity_schema_version": 0
        }
      ]
    },
    {
      "mode": "managed",
      "type": "konnect_gateway_service",
      "name": "Kassongo_service",
      "provider": "provider[\"registry.terraform.io/kong/konnect\"]",
      "instances": [
        {
          "schema_version": 0,
          "attributes": {
            "ca_certificates": null,
            "client_certificate": null,
            "connect_timeout": 60000,
            "control_plane_id": "0caf752c-a73a-47fe-b0c7-e5ae03abe5cc",
            "created_at": 10,
            "enabled": true,
            "host": "httpbin.org",
            "id": "d1c2d6a0-8eb8-4cf8-97d1-81c9d28c1ff9",
            "name": "Kassongo_service",
            "path": null,
            "port": 443,
            "protocol": "https",
            "read_timeout": 60000,
            "retries": 5,
            "tags": [
              "env: uat"
            ],
            "tls_sans": null,
            "tls_verify": null,
            "tls_verify_depth": null,
            "updated_at": 1759752451,
            "write_timeout": 60000
          },
          "sensitive_attributes": [
            [
              {
                "type": "get_attr",
                "value": "control_plane_id"
              }
            ]
          ],
          "identity_schema_version": 0
        }
      ]
    },
    {
      "mode": "managed",
      "type": "konnect_gateway_service",
      "name": "httpbun",
      "provider": "provider[\"registry.terraform.io/kong/konnect\"]",
      "instances": [
        {
          "schema_version": 0,
          "attributes": {
            "ca_certificates": null,
            "client_certificate": null,
            "connect_timeout": 60000,
            "control_plane_id": "0caf752c-a73a-47fe-b0c7-e5ae03abe5cc",
            "created_at": 10,
            "enabled": true,
            "host": "httpbun",
            "id": "c61de38a-d659-4fda-a42e-23554437f0b7",
            "name": "httpbun",
            "path": null,
            "port": 443,
            "protocol": "https",
            "read_timeout": 60000,
            "retries": 5,
            "tags": [
              "env: uat"
            ],
            "tls_sans": null,
            "tls_verify": null,
            "tls_verify_depth": null,
            "updated_at": 1759752451,
            "write_timeout": 60000
          },
          "sensitive_attributes": [
            [
              {
                "type": "get_attr",
                "value": "control_plane_id"
              }
            ]
          ],
          "identity_schema_version": 0
        }
      ]
    },
    {
      "mode": "managed",
      "type": "konnect_gateway_upstream",
      "name": "httpbin",
      "provider": "provider[\"registry.terraform.io/kong/konnect\"]",
      "instances": [
        {
          "schema_version": 0,
          "attributes": {
            "algorithm": "round-robin",
            "client_certificate": null,
            "control_plane_id": "0caf752c-a73a-47fe-b0c7-e5ae03abe5cc",
            "created_at": 1757925505,
            "hash_fallback": "none",
            "hash_fallback_header": null,
            "hash_fallback_query_arg": null,
            "hash_fallback_uri_capture": null,
            "hash_on": "none",
            "hash_on_cookie": null,
            "hash_on_cookie_path": "/",
            "hash_on_header": null,
            "hash_on_query_arg": null,
            "hash_on_uri_capture": null,
            "healthchecks": {
              "active": {
                "concurrency": 10,
                "headers": null,
                "healthy": {
                  "http_statuses": [
                    200,
                    302
                  ],
                  "interval": 0,
                  "successes": 0
                },
                "http_path": "/",
                "https_sni": null,
                "https_verify_certificate": true,
                "timeout": 1,
                "type": "http",
                "unhealthy": {
                  "http_failures": 0,
                  "http_statuses": [
                    429,
                    404,
                    500,
                    501,
                    502,
                    503,
                    504,
                    505
                  ],
                  "interval": 0,
                  "tcp_failures": 0,
                  "timeouts": 0
                }
              },
              "passive": {
                "healthy": {
                  "http_statuses": [
                    200,
                    201,
                    202,
                    203,
                    204,
                    205,
                    206,
                    207,
                    208,
                    226,
                    300,
                    301,
                    302,
                    303,
                    304,
                    305,
                    306,
                    307,
                    308
                  ],
                  "successes": 0
                },
                "type": "http",
                "unhealthy": {
                  "http_failures": 0,
                  "http_statuses": [
                    429,
                    500,
                    503
                  ],
                  "tcp_failures": 0,
                  "timeouts": 0
                }
              },
              "threshold": 0
            },
            "host_header": "httpbin.konghq.com",
            "id": "22f12d8b-d22a-4fc7-bd05-dac3c66e7522",
            "name": "httpbin",
            "slots": 10000,
            "sticky_sessions_cookie": null,
            "sticky_sessions_cookie_path": "/",
            "tags": null,
            "updated_at": 1757927115,
            "use_srv_name": false
          },
          "sensitive_attributes": [
            [
              {
                "type": "get_attr",
                "value": "control_plane_id"
              }
            ]
          ],
          "identity_schema_version": 0
        }
      ]
    },
    {
      "mode": "managed",
      "type": "konnect_gateway_upstream",
      "name": "httpbun",
      "provider": "provider[\"registry.terraform.io/kong/konnect\"]",
      "instances": [
        {
          "schema_version": 0,
          "attributes": {
            "algorithm": "round-robin",
            "client_certificate": null,
            "control_plane_id": "0caf752c-a73a-47fe-b0c7-e5ae03abe5cc",
            "created_at": 1757925535,
            "hash_fallback": "none",
            "hash_fallback_header": null,
            "hash_fallback_query_arg": null,
            "hash_fallback_uri_capture": null,
            "hash_on": "none",
            "hash_on_cookie": null,
            "hash_on_cookie_path": "/",
            "hash_on_header": null,
            "hash_on_query_arg": null,
            "hash_on_uri_capture": null,
            "healthchecks": {
              "active": {
                "concurrency": 10,
                "headers": null,
                "healthy": {
                  "http_statuses": [
                    200,
                    302
                  ],
                  "interval": 0,
                  "successes": 0
                },
                "http_path": "/",
                "https_sni": null,
                "https_verify_certificate": true,
                "timeout": 1,
                "type": "http",
                "unhealthy": {
                  "http_failures": 0,
                  "http_statuses": [
                    429,
                    404,
                    500,
                    501,
                    502,
                    503,
                    504,
                    505
                  ],
                  "interval": 0,
                  "tcp_failures": 0,
                  "timeouts": 0
                }
              },
              "passive": {
                "healthy": {
                  "http_statuses": [
                    200,
                    201,
                    202,
                    203,
                    204,
                    205,
                    206,
                    207,
                    208,
                    226,
                    300,
                    301,
                    302,
                    303,
                    304,
                    305,
                    306,
                    307,
                    308
                  ],
                  "successes": 0
                },
                "type": "http",
                "unhealthy": {
                  "http_failures": 0,
                  "http_statuses": [
                    429,
                    500,
                    503
                  ],
                  "tcp_failures": 0,
                  "timeouts": 0
                }
              },
              "threshold": 0
            },
            "host_header": "httpbun.com",
            "id": "a611bc55-0d6d-4113-942c-ee41c4cf6f3b",
            "name": "httpbun",
            "slots": 10000,
            "sticky_sessions_cookie": null,
            "sticky_sessions_cookie_path": "/",
            "tags": null,
            "updated_at": 1758549830,
            "use_srv_name": false
          },
          "sensitive_attributes": [
            [
              {
                "type": "get_attr",
                "value": "control_plane_id"
              }
            ]
          ],
          "identity_schema_version": 0
        }
      ]
    }
  ],
  "check_results": null
}
